github.com/timandy/routine v1.1.3 h1:lK7ix0Oyprtuw301bNle7WZw9V8eY680mjT9r5rmBLA=
github.com/timandy/routine v1.1.3/go.mod h1:XWkchlwnVxH+yRwA/yxSuyzxqiaNuBUcFUHDglX56SY=
golang.org/x/tour v0.1.0 h1:OWzbINRoGf1wwBhKdFDpYwM88NM0d1SL/Nj6PagS6YE=
golang.org/x/tour v0.1.0/go.mod h1:DUZC6G8mR1AXgXy73r8qt/G5RsefKIlSj6jBMc8b9Wc=
